// !$*UTF8*$!
{
	archiveVersion = 1;
	classes = {
	};
	objectVersion = 55;
	objects = {

/* Begin PBXBuildFile section */
		DB04891B27C8997200904745 /* AppDelegate.swift in Sources */ = {isa = PBXBuildFile; fileRef = DB04891A27C8997200904745 /* AppDelegate.swift */; };
		DB04891D27C8997200904745 /* ViewController.swift in Sources */ = {isa = PBXBuildFile; fileRef = DB04891C27C8997200904745 /* ViewController.swift */; };
		DB04891F27C8997300904745 /* Experience.rcproject in Sources */ = {isa = PBXBuildFile; fileRef = DB04891E27C8997300904745 /* Experience.rcproject */; };
		DB04892227C8997300904745 /* Main.storyboard in Resources */ = {isa = PBXBuildFile; fileRef = DB04892027C8997300904745 /* Main.storyboard */; };
		DB04892427C8997B00904745 /* Assets.xcassets in Resources */ = {isa = PBXBuildFile; fileRef = DB04892327C8997B00904745 /* Assets.xcassets */; };
		DB04892727C8997B00904745 /* LaunchScreen.storyboard in Resources */ = {isa = PBXBuildFile; fileRef = DB04892527C8997B00904745 /* LaunchScreen.storyboard */; };
		DB04893127C8997C00904745 /* SecurityResearchTests.swift in Sources */ = {isa = PBXBuildFile; fileRef = DB04893027C8997C00904745 /* SecurityResearchTests.swift */; };
		DB04893B27C8997C00904745 /* SecurityResearchUITests.swift in Sources */ = {isa = PBXBuildFile; fileRef = DB04893A27C8997C00904745 /* SecurityResearchUITests.swift */; };
		DB04893D27C8997C00904745 /* SecurityResearchUITestsLaunchTests.swift in Sources */ = {isa = PBXBuildFile; fileRef = DB04893C27C8997C00904745 /* SecurityResearchUITestsLaunchTests.swift */; };
		DBCC986A28133EFD00820360 /* Toast in Frameworks */ = {isa = PBXBuildFile; productRef = DBCC986928133EFD00820360 /* Toast */; };
/* End PBXBuildFile section */

/* Begin PBXContainerItemProxy section */
		DB04892D27C8997C00904745 /* PBXContainerItemProxy */ = {
			isa = PBXContainerItemProxy;
			containerPortal = DB04890F27C8997200904745 /* Project object */;
			proxyType = 1;
			remoteGlobalIDString = DB04891627C8997200904745;
			remoteInfo = SecurityResearch;
		};
		DB04893727C8997C00904745 /* PBXContainerItemProxy */ = {
			isa = PBXContainerItemProxy;
			containerPortal = DB04890F27C8997200904745 /* Project object */;
			proxyType = 1;
			remoteGlobalIDString = DB04891627C8997200904745;
			remoteInfo = SecurityResearch;
		};
/* End PBXContainerItemProxy section */

/* Begin PBXFileReference section */
		DB04891727C8997200904745 /* SecurityResearch.app */ = {isa = PBXFileReference; explicitFileType = wrapper.application; includeInIndex = 0; path = SecurityResearch.app; sourceTree = BUILT_PRODUCTS_DIR; };
		DB04891A27C8997200904745 /* AppDelegate.swift */ = {isa = PBXFileReference; lastKnownFileType = sourcecode.swift; path = AppDelegate.swift; sourceTree = "<group>"; };
		DB04891C27C8997200904745 /* ViewController.swift */ = {isa = PBXFileReference; lastKnownFileType = sourcecode.swift; path = ViewController.swift; sourceTree = "<group>"; };
		DB04891E27C8997300904745 /* Experience.rcproject */ = {isa = PBXFileReference; lastKnownFileType = file.rcproject; path = Experience.rcproject; sourceTree = "<group>"; };
		DB04892127C8997300904745 /* Base */ = {isa = PBXFileReference; lastKnownFileType = file.storyboard; name = Base; path = Base.lproj/Main.storyboard; sourceTree = "<group>"; };
		DB04892327C8997B00904745 /* Assets.xcassets */ = {isa = PBXFileReference; lastKnownFileType = folder.assetcatalog; path = Assets.xcassets; sourceTree = "<group>"; };
		DB04892627C8997B00904745 /* Base */ = {isa = PBXFileReference; lastKnownFileType = file.storyboard; name = Base; path = Base.lproj/LaunchScreen.storyboard; sourceTree = "<group>"; };
		DB04892C27C8997C00904745 /* SecurityResearchTests.xctest */ = {isa = PBXFileReference; explicitFileType = wrapper.cfbundle; includeInIndex = 0; path = SecurityResearchTests.xctest; sourceTree = BUILT_PRODUCTS_DIR; };
		DB04893027C8997C00904745 /* SecurityResearchTests.swift */ = {isa = PBXFileReference; lastKnownFileType = sourcecode.swift; path = SecurityResearchTests.swift; sourceTree = "<group>"; };
		DB04893627C8997C00904745 /* SecurityResearchUITests.xctest */ = {isa = PBXFileReference; explicitFileType = wrapper.cfbundle; includeInIndex = 0; path = SecurityResearchUITests.xctest; sourceTree = BUILT_PRODUCTS_DIR; };
		DB04893A27C8997C00904745 /* SecurityResearchUITests.swift */ = {isa = PBXFileReference; lastKnownFileType = sourcecode.swift; path = SecurityResearchUITests.swift; sourceTree = "<group>"; };
		DB04893C27C8997C00904745 /* SecurityResearchUITestsLaunchTests.swift */ = {isa = PBXFileReference; lastKnownFileType = sourcecode.swift; path = SecurityResearchUITestsLaunchTests.swift; sourceTree = "<group>"; };
/* End PBXFileReference section */

/* Begin PBXFrameworksBuildPhase section */
		DB04891427C8997200904745 /* Frameworks */ = {
			isa = PBXFrameworksBuildPhase;
			buildActionMask = 2147483647;
			files = (
				DBCC986A28133EFD00820360 /* Toast in Frameworks */,
			);
			runOnlyForDeploymentPostprocessing = 0;
		};
		DB04892927C8997C00904745 /* Frameworks */ = {
			isa = PBXFrameworksBuildPhase;
			buildActionMask = 2147483647;
			files = (
			);
			runOnlyForDeploymentPostprocessing = 0;
		};
		DB04893327C8997C00904745 /* Frameworks */ = {
			isa = PBXFrameworksBuildPhase;
			buildActionMask = 2147483647;
			files = (
			);
			runOnlyForDeploymentPostprocessing = 0;
		};
/* End PBXFrameworksBuildPhase section */

/* Begin PBXGroup section */
		DB04890E27C8997200904745 = {
			isa = PBXGroup;
			children = (
				DB04891927C8997200904745 /* SecurityResearch */,
				DB04892F27C8997C00904745 /* SecurityResearchTests */,
				DB04893927C8997C00904745 /* SecurityResearchUITests */,
				DB04891827C8997200904745 /* Products */,
			);
			sourceTree = "<group>";
		};
		DB04891827C8997200904745 /* Products */ = {
			isa = PBXGroup;
			children = (
				DB04891727C8997200904745 /* SecurityResearch.app */,
				DB04892C27C8997C00904745 /* SecurityResearchTests.xctest */,
				DB04893627C8997C00904745 /* SecurityResearchUITests.xctest */,
			);
			name = Products;
			sourceTree = "<group>";
		};
		DB04891927C8997200904745 /* SecurityResearch */ = {
			isa = PBXGroup;
			children = (
				DB04891A27C8997200904745 /* AppDelegate.swift */,
				DB04891C27C8997200904745 /* ViewController.swift */,
				DB04891E27C8997300904745 /* Experience.rcproject */,
				DB04892027C8997300904745 /* Main.storyboard */,
				DB04892327C8997B00904745 /* Assets.xcassets */,
				DB04892527C8997B00904745 /* LaunchScreen.storyboard */,
			);
			path = SecurityResearch;
			sourceTree = "<group>";
		};
		DB04892F27C8997C00904745 /* SecurityResearchTests */ = {
			isa = PBXGroup;
			children = (
				DB04893027C8997C00904745 /* SecurityResearchTests.swift */,
			);
			path = SecurityResearchTests;
			sourceTree = "<group>";
		};
		DB04893927C8997C00904745 /* SecurityResearchUITests */ = {
			isa = PBXGroup;
			children = (
				DB04893A27C8997C00904745 /* SecurityResearchUITests.swift */,
				DB04893C27C8997C00904745 /* SecurityResearchUITestsLaunchTests.swift */,
			);
			path = SecurityResearchUITests;
			sourceTree = "<group>";
		};
/* End PBXGroup section */

/* Begin PBXNativeTarget section */
		DB04891627C8997200904745 /* SecurityResearch */ = {
			isa = PBXNativeTarget;
			buildConfigurationList = DB04894027C8997C00904745 /* Build configuration list for PBXNativeTarget "SecurityResearch" */;
			buildPhases = (
				DB04891327C8997200904745 /* Sources */,
				DB04891427C8997200904745 /* Frameworks */,
				DB04891527C8997200904745 /* Resources */,
			);
			buildRules = (
			);
			dependencies = (
			);
			name = SecurityResearch;
			packageProductDependencies = (
				DBCC986928133EFD00820360 /* Toast */,
			);
			productName = SecurityResearch;
			productReference = DB04891727C8997200904745 /* SecurityResearch.app */;
			productType = "com.apple.product-type.application";
		};
		DB04892B27C8997C00904745 /* SecurityResearchTests */ = {
			isa = PBXNativeTarget;
			buildConfigurationList = DB04894327C8997C00904745 /* Build configuration list for PBXNativeTarget "SecurityResearchTests" */;
			buildPhases = (
				DB04892827C8997C00904745 /* Sources */,
				DB04892927C8997C00904745 /* Frameworks */,
				DB04892A27C8997C00904745 /* Resources */,
			);
			buildRules = (
			);
			dependencies = (
				DB04892E27C8997C00904745 /* PBXTargetDependency */,
			);
			name = SecurityResearchTests;
			productName = SecurityResearchTests;
			productReference = DB04892C27C8997C00904745 /* SecurityResearchTests.xctest */;
			productType = "com.apple.product-type.bundle.unit-test";
		};
		DB04893527C8997C00904745 /* SecurityResearchUITests */ = {
			isa = PBXNativeTarget;
			buildConfigurationList = DB04894627C8997C00904745 /* Build configuration list for PBXNativeTarget "SecurityResearchUITests" */;
			buildPhases = (
				DB04893227C8997C00904745 /* Sources */,
				DB04893327C8997C00904745 /* Frameworks */,
				DB04893427C8997C00904745 /* Resources */,
			);
			buildRules = (
			);
			dependencies = (
				DB04893827C8997C00904745 /* PBXTargetDependency */,
			);
			name = SecurityResearchUITests;
			productName = SecurityResearchUITests;
			productReference = DB04893627C8997C00904745 /* SecurityResearchUITests.xctest */;
			productType = "com.apple.product-type.bundle.ui-testing";
		};
/* End PBXNativeTarget section */

/* Begin PBXProject section */
		DB04890F27C8997200904745 /* Project object */ = {
			isa = PBXProject;
			attributes = {
				BuildIndependentTargetsInParallel = 1;
				LastSwiftUpdateCheck = 1320;
				LastUpgradeCheck = 1320;
				TargetAttributes = {
					DB04891627C8997200904745 = {
						CreatedOnToolsVersion = 13.2.1;
					};
					DB04892B27C8997C00904745 = {
						CreatedOnToolsVersion = 13.2.1;
						TestTargetID = DB04891627C8997200904745;
					};
					DB04893527C8997C00904745 = {
						CreatedOnToolsVersion = 13.2.1;
						TestTargetID = DB04891627C8997200904745;
					};
				};
			};
			buildConfigurationList = DB04891227C8997200904745 /* Build configuration list for PBXProject "SecurityResearch" */;
			compatibilityVersion = "Xcode 13.0";
			developmentRegion = en;
			hasScannedForEncodings = 0;
			knownRegions = (
				en,
				Base,
			);
			mainGroup = DB04890E27C8997200904745;
			packageReferences = (
				DBCC986828133EFD00820360 /* XCRemoteSwiftPackageReference "Toast-Swift" */,
			);
			productRefGroup = DB04891827C8997200904745 /* Products */;
			projectDirPath = "";
			projectRoot = "";
			targets = (
				DB04891627C8997200904745 /* SecurityResearch */,
				DB04892B27C8997C00904745 /* SecurityResearchTests */,
				DB04893527C8997C00904745 /* SecurityResearchUITests */,
			);
		};
/* End PBXProject section */

/* Begin PBXResourcesBuildPhase section */
		DB04891527C8997200904745 /* Resources */ = {
			isa = PBXResourcesBuildPhase;
			buildActionMask = 2147483647;
			files = (
				DB04892727C8997B00904745 /* LaunchScreen.storyboard in Resources */,
				DB04892427C8997B00904745 /* Assets.xcassets in Resources */,
				DB04892227C8997300904745 /* Main.storyboard in Resources */,
			);
			runOnlyForDeploymentPostprocessing = 0;
		};
		DB04892A27C8997C00904745 /* Resources */ = {
			isa = PBXResourcesBuildPhase;
			buildActionMask = 2147483647;
			files = (
			);
			runOnlyForDeploymentPostprocessing = 0;
		};
		DB04893427C8997C00904745 /* Resources */ = {
			isa = PBXResourcesBuildPhase;
			buildActionMask = 2147483647;
			files = (
			);
			runOnlyForDeploymentPostprocessing = 0;
		};
/* End PBXResourcesBuildPhase section */

/* Begin PBXSourcesBuildPhase section */
		DB04891327C8997200904745 /* Sources */ = {
			isa = PBXSourcesBuildPhase;
			buildActionMask = 2147483647;
			files = (
				DB04891D27C8997200904745 /* ViewController.swift in Sources */,
				DB04891B27C8997200904745 /* AppDelegate.swift in Sources */,
				DB04891F27C8997300904745 /* Experience.rcproject in Sources */,
			);
			runOnlyForDeploymentPostprocessing = 0;
		};
		DB04892827C8997C00904745 /* Sources */ = {
			isa = PBXSourcesBuildPhase;
			buildActionMask = 2147483647;
			files = (
				DB04893127C8997C00904745 /* SecurityResearchTests.swift in Sources */,
			);
			runOnlyForDeploymentPostprocessing = 0;
		};
		DB04893227C8997C00904745 /* Sources */ = {
			isa = PBXSourcesBuildPhase;
			buildActionMask = 2147483647;
			files = (
				DB04893B27C8997C00904745 /* SecurityResearchUITests.swift in Sources */,
				DB04893D27C8997C00904745 /* SecurityResearchUITestsLaunchTests.swift in Sources */,
			);
			runOnlyForDeploymentPostprocessing = 0;
		};
/* End PBXSourcesBuildPhase section */

/* Begin PBXTargetDependency section */
		DB04892E27C8997C00904745 /* PBXTargetDependency */ = {
			isa = PBXTargetDependency;
			target = DB04891627C8997200904745 /* SecurityResearch */;
			targetProxy = DB04892D27C8997C00904745 /* PBXContainerItemProxy */;
		};
		DB04893827C8997C00904745 /* PBXTargetDependency */ = {
			isa = PBXTargetDependency;
			target = DB04891627C8997200904745 /* SecurityResearch */;
			targetProxy = DB04893727C8997C00904745 /* PBXContainerItemProxy */;
		};
/* End PBXTargetDependency section */

/* Begin PBXVariantGroup section */
		DB04892027C8997300904745 /* Main.storyboard */ = {
			isa = PBXVariantGroup;
			children = (
				DB04892127C8997300904745 /* Base */,
			);
			name = Main.storyboard;
			sourceTree = "<group>";
		};
		DB04892527C8997B00904745 /* LaunchScreen.storyboard */ = {
			isa = PBXVariantGroup;
			children = (
				DB04892627C8997B00904745 /* Base */,
			);
			name = LaunchScreen.storyboard;
			sourceTree = "<group>";
		};
/* End PBXVariantGroup section */

/* Begin XCBuildConfiguration section */
		DB04893E27C8997C00904745 /* Debug */ = {
			isa = XCBuildConfiguration;
			buildSettings = {
				ALWAYS_SEARCH_USER_PATHS = NO;
				CLANG_ANALYZER_NONNULL = YES;
				CLANG_ANALYZER_NUMBER_OBJECT_CONVERSION = YES_AGGRESSIVE;
				CLANG_CXX_LANGUAGE_STANDARD = "gnu++17";
				CLANG_CXX_LIBRARY = "libc++";
				CLANG_ENABLE_MODULES = YES;
				CLANG_ENABLE_OBJC_ARC = YES;
				CLANG_ENABLE_OBJC_WEAK = YES;
				CLANG_WARN_BLOCK_CAPTURE_AUTORELEASING = YES;
				CLANG_WARN_BOOL_CONVERSION = YES;
				CLANG_WARN_COMMA = YES;
				CLANG_WARN_CONSTANT_CONVERSION = YES;
				CLANG_WARN_DEPRECATED_OBJC_IMPLEMENTATIONS = YES;
				CLANG_WARN_DIRECT_OBJC_ISA_USAGE = YES_ERROR;
				CLANG_WARN_DOCUMENTATION_COMMENTS = YES;
				CLANG_WARN_EMPTY_BODY = YES;
				CLANG_WARN_ENUM_CONVERSION = YES;
				CLANG_WARN_INFINITE_RECURSION = YES;
				CLANG_WARN_INT_CONVERSION = YES;
				CLANG_WARN_NON_LITERAL_NULL_CONVERSION = YES;
				CLANG_WARN_OBJC_IMPLICIT_RETAIN_SELF = YES;
				CLANG_WARN_OBJC_LITERAL_CONVERSION = YES;
				CLANG_WARN_OBJC_ROOT_CLASS = YES_ERROR;
				CLANG_WARN_QUOTED_INCLUDE_IN_FRAMEWORK_HEADER = YES;
				CLANG_WARN_RANGE_LOOP_ANALYSIS = YES;
				CLANG_WARN_STRICT_PROTOTYPES = YES;
				CLANG_WARN_SUSPICIOUS_MOVE = YES;
				CLANG_WARN_UNGUARDED_AVAILABILITY = YES_AGGRESSIVE;
				CLANG_WARN_UNREACHABLE_CODE = YES;
				CLANG_WARN__DUPLICATE_METHOD_MATCH = YES;
				COPY_PHASE_STRIP = NO;
				DEBUG_INFORMATION_FORMAT = dwarf;
				ENABLE_STRICT_OBJC_MSGSEND = YES;
				ENABLE_TESTABILITY = YES;
				GCC_C_LANGUAGE_STANDARD = gnu11;
				GCC_DYNAMIC_NO_PIC = NO;
				GCC_NO_COMMON_BLOCKS = YES;
				GCC_OPTIMIZATION_LEVEL = 0;
				GCC_PREPROCESSOR_DEFINITIONS = (
					"DEBUG=1",
					"$(inherited)",
				);
				GCC_WARN_64_TO_32_BIT_CONVERSION = YES;
				GCC_WARN_ABOUT_RETURN_TYPE = YES_ERROR;
				GCC_WARN_UNDECLARED_SELECTOR = YES;
				GCC_WARN_UNINITIALIZED_AUTOS = YES_AGGRESSIVE;
				GCC_WARN_UNUSED_FUNCTION = YES;
				GCC_WARN_UNUSED_VARIABLE = YES;
				IPHONEOS_DEPLOYMENT_TARGET = 15.2;
				MTL_ENABLE_DEBUG_INFO = INCLUDE_SOURCE;
				MTL_FAST_MATH = YES;
				ONLY_ACTIVE_ARCH = YES;
				SDKROOT = iphoneos;
				SWIFT_ACTIVE_COMPILATION_CONDITIONS = DEBUG;
				SWIFT_OPTIMIZATION_LEVEL = "-Onone";
			};
			name = Debug;
		};
		DB04893F27C8997C00904745 /* Release */ = {
			isa = XCBuildConfiguration;
			buildSettings = {
				ALWAYS_SEARCH_USER_PATHS = NO;
				CLANG_ANALYZER_NONNULL = YES;
				CLANG_ANALYZER_NUMBER_OBJECT_CONVERSION = YES_AGGRESSIVE;
				CLANG_CXX_LANGUAGE_STANDARD = "gnu++17";
				CLANG_CXX_LIBRARY = "libc++";
				CLANG_ENABLE_MODULES = YES;
				CLANG_ENABLE_OBJC_ARC = YES;
				CLANG_ENABLE_OBJC_WEAK = YES;
				CLANG_WARN_BLOCK_CAPTURE_AUTORELEASING = YES;
				CLANG_WARN_BOOL_CONVERSION = YES;
				CLANG_WARN_COMMA = YES;
				CLANG_WARN_CONSTANT_CONVERSION = YES;
				CLANG_WARN_DEPRECATED_OBJC_IMPLEMENTATIONS = YES;
				CLANG_WARN_DIRECT_OBJC_ISA_USAGE = YES_ERROR;
				CLANG_WARN_DOCUMENTATION_COMMENTS = YES;
				CLANG_WARN_EMPTY_BODY = YES;
				CLANG_WARN_ENUM_CONVERSION = YES;
				CLANG_WARN_INFINITE_RECURSION = YES;
				CLANG_WARN_INT_CONVERSION = YES;
				CLANG_WARN_NON_LITERAL_NULL_CONVERSION = YES;
				CLANG_WARN_OBJC_IMPLICIT_RETAIN_SELF = YES;
				CLANG_WARN_OBJC_LITERAL_CONVERSION = YES;
				CLANG_WARN_OBJC_ROOT_CLASS = YES_ERROR;
				CLANG_WARN_QUOTED_INCLUDE_IN_FRAMEWORK_HEADER = YES;
				CLANG_WARN_RANGE_LOOP_ANALYSIS = YES;
				CLANG_WARN_STRICT_PROTOTYPES = YES;
				CLANG_WARN_SUSPICIOUS_MOVE = YES;
				CLANG_WARN_UNGUARDED_AVAILABILITY = YES_AGGRESSIVE;
				CLANG_WARN_UNREACHABLE_CODE = YES;
				CLANG_WARN__DUPLICATE_METHOD_MATCH = YES;
				COPY_PHASE_STRIP = NO;
				DEBUG_INFORMATION_FORMAT = "dwarf-with-dsym";
				ENABLE_NS_ASSERTIONS = NO;
				ENABLE_STRICT_OBJC_MSGSEND = YES;
				GCC_C_LANGUAGE_STANDARD = gnu11;
				GCC_NO_COMMON_BLOCKS = YES;
				GCC_WARN_64_TO_32_BIT_CONVERSION = YES;
				GCC_WARN_ABOUT_RETURN_TYPE = YES_ERROR;
				GCC_WARN_UNDECLARED_SELECTOR = YES;
				GCC_WARN_UNINITIALIZED_AUTOS = YES_AGGRESSIVE;
				GCC_WARN_UNUSED_FUNCTION = YES;
				GCC_WARN_UNUSED_VARIABLE = YES;
				IPHONEOS_DEPLOYMENT_TARGET = 15.2;
				MTL_ENABLE_DEBUG_INFO = NO;
				MTL_FAST_MATH = YES;
				SDKROOT = iphoneos;
				SWIFT_COMPILATION_MODE = wholemodule;
				SWIFT_OPTIMIZATION_LEVEL = "-O";
				VALIDATE_PRODUCT = YES;
			};
			name = Release;
		};
		DB04894127C8997C00904745 /* Debug */ = {
			isa = XCBuildConfiguration;
			buildSettings = {
				ASSETCATALOG_COMPILER_APPICON_NAME = AppIcon;
				ASSETCATALOG_COMPILER_GLOBAL_ACCENT_COLOR_NAME = AccentColor;
				CODE_SIGN_STYLE = Automatic;
				CURRENT_PROJECT_VERSION = 1;
				DEVELOPMENT_TEAM = G4W68G8GFR;
				GENERATE_INFOPLIST_FILE = YES;
				INFOPLIST_KEY_NSCameraUsageDescription = "";
				INFOPLIST_KEY_UIApplicationSupportsIndirectInputEvents = YES;
				INFOPLIST_KEY_UILaunchStoryboardName = LaunchScreen;
				INFOPLIST_KEY_UIMainStoryboardFile = Main;
				INFOPLIST_KEY_UIRequiredDeviceCapabilities = arkit;
				INFOPLIST_KEY_UIStatusBarHidden = YES;
				INFOPLIST_KEY_UISupportedInterfaceOrientations_iPad = "UIInterfaceOrientationPortrait UIInterfaceOrientationPortraitUpsideDown UIInterfaceOrientationLandscapeLeft UIInterfaceOrientationLandscapeRight";
				INFOPLIST_KEY_UISupportedInterfaceOrientations_iPhone = "UIInterfaceOrientationPortrait UIInterfaceOrientationLandscapeLeft UIInterfaceOrientationLandscapeRight";
				LD_RUNPATH_SEARCH_PATHS = (
					"$(inherited)",
					"@executable_path/Frameworks",
				);
				MARKETING_VERSION = 1.0;
				PRODUCT_BUNDLE_IDENTIFIER = com.example.SecurityResearch;
				PRODUCT_NAME = "$(TARGET_NAME)";
				SWIFT_EMIT_LOC_STRINGS = YES;
				SWIFT_VERSION = 5.0;
				TARGETED_DEVICE_FAMILY = "1,2";
			};
			name = Debug;
		};
		DB04894227C8997C00904745 /* Release */ = {
			isa = XCBuildConfiguration;
			buildSettings = {
				ASSETCATALOG_COMPILER_APPICON_NAME = AppIcon;
				ASSETCATALOG_COMPILER_GLOBAL_ACCENT_COLOR_NAME = AccentColor;
				CODE_SIGN_STYLE = Automatic;
				CURRENT_PROJECT_VERSION = 1;
				DEVELOPMENT_TEAM = G4W68G8GFR;
				GENERATE_INFOPLIST_FILE = YES;
				INFOPLIST_KEY_NSCameraUsageDescription = "";
				INFOPLIST_KEY_UIApplicationSupportsIndirectInputEvents = YES;
				INFOPLIST_KEY_UILaunchStoryboardName = LaunchScreen;
				INFOPLIST_KEY_UIMainStoryboardFile = Main;
				INFOPLIST_KEY_UIRequiredDeviceCapabilities = arkit;
				INFOPLIST_KEY_UIStatusBarHidden = YES;
				INFOPLIST_KEY_UISupportedInterfaceOrientations_iPad = "UIInterfaceOrientationPortrait UIInterfaceOrientationPortraitUpsideDown UIInterfaceOrientationLandscapeLeft UIInterfaceOrientationLandscapeRight";
				INFOPLIST_KEY_UISupportedInterfaceOrientations_iPhone = "UIInterfaceOrientationPortrait UIInterfaceOrientationLandscapeLeft UIInterfaceOrientationLandscapeRight";
				LD_RUNPATH_SEARCH_PATHS = (
					"$(inherited)",
					"@executable_path/Frameworks",
				);
				MARKETING_VERSION = 1.0;
				PRODUCT_BUNDLE_IDENTIFIER = com.example.SecurityResearch;
				PRODUCT_NAME = "$(TARGET_NAME)";
				SWIFT_EMIT_LOC_STRINGS = YES;
				SWIFT_VERSION = 5.0;
				TARGETED_DEVICE_FAMILY = "1,2";
			};
			name = Release;
		};
		DB04894427C8997C00904745 /* Debug */ = {
			isa = XCBuildConfiguration;
			buildSettings = {
				ALWAYS_EMBED_SWIFT_STANDARD_LIBRARIES = YES;
				BUNDLE_LOADER = "$(TEST_HOST)";
				CODE_SIGN_STYLE = Automatic;
				CURRENT_PROJECT_VERSION = 1;
				DEVELOPMENT_TEAM = G4W68G8GFR;
				GENERATE_INFOPLIST_FILE = YES;
				IPHONEOS_DEPLOYMENT_TARGET = 15.2;
				MARKETING_VERSION = 1.0;
				PRODUCT_BUNDLE_IDENTIFIER = com.example.SecurityResearchTests;
				PRODUCT_NAME = "$(TARGET_NAME)";
				SWIFT_EMIT_LOC_STRINGS = NO;
				SWIFT_VERSION = 5.0;
				TARGETED_DEVICE_FAMILY = "1,2";
				TEST_HOST = "$(BUILT_PRODUCTS_DIR)/SecurityResearch.app/SecurityResearch";
			};
			name = Debug;
		};
		DB04894527C8997C00904745 /* Release */ = {
			isa = XCBuildConfiguration;
			buildSettings = {
				ALWAYS_EMBED_SWIFT_STANDARD_LIBRARIES = YES;
				BUNDLE_LOADER = "$(TEST_HOST)";
				CODE_SIGN_STYLE = Automatic;
				CURRENT_PROJECT_VERSION = 1;
				DEVELOPMENT_TEAM = G4W68G8GFR;
				GENERATE_INFOPLIST_FILE = YES;
				IPHONEOS_DEPLOYMENT_TARGET = 15.2;
				MARKETING_VERSION = 1.0;
				PRODUCT_BUNDLE_IDENTIFIER = com.example.SecurityResearchTests;
				PRODUCT_NAME = "$(TARGET_NAME)";
				SWIFT_EMIT_LOC_STRINGS = NO;
				SWIFT_VERSION = 5.0;
				TARGETED_DEVICE_FAMILY = "1,2";
				TEST_HOST = "$(BUILT_PRODUCTS_DIR)/SecurityResearch.app/SecurityResearch";
			};
			name = Release;
		};
		DB04894727C8997C00904745 /* Debug */ = {
			isa = XCBuildConfiguration;
			buildSettings = {
				ALWAYS_EMBED_SWIFT_STANDARD_LIBRARIES = YES;
				CODE_SIGN_STYLE = Automatic;
				CURRENT_PROJECT_VERSION = 1;
				DEVELOPMENT_TEAM = G4W68G8GFR;
				GENERATE_INFOPLIST_FILE = YES;
				MARKETING_VERSION = 1.0;
				PRODUCT_BUNDLE_IDENTIFIER = com.example.SecurityResearchUITests;
				PRODUCT_NAME = "$(TARGET_NAME)";
				SWIFT_EMIT_LOC_STRINGS = NO;
				SWIFT_VERSION = 5.0;
				TARGETED_DEVICE_FAMILY = "1,2";
				TEST_TARGET_NAME = SecurityResearch;
			};
			name = Debug;
		};
		DB04894827C8997C00904745 /* Release */ = {
			isa = XCBuildConfiguration;
			buildSettings = {
				ALWAYS_EMBED_SWIFT_STANDARD_LIBRARIES = YES;
				CODE_SIGN_STYLE = Automatic;
				CURRENT_PROJECT_VERSION = 1;
				DEVELOPMENT_TEAM = G4W68G8GFR;
				GENERATE_INFOPLIST_FILE = YES;
				MARKETING_VERSION = 1.0;
				PRODUCT_BUNDLE_IDENTIFIER = com.example.SecurityResearchUITests;
				PRODUCT_NAME = "$(TARGET_NAME)";
				SWIFT_EMIT_LOC_STRINGS = NO;
				SWIFT_VERSION = 5.0;
				TARGETED_DEVICE_FAMILY = "1,2";
				TEST_TARGET_NAME = SecurityResearch;
			};
			name = Release;
		};
/* End XCBuildConfiguration section */

/* Begin XCConfigurationList section */
		DB04891227C8997200904745 /* Build configuration list for PBXProject "SecurityResearch" */ = {
			isa = XCConfigurationList;
			buildConfigurations = (
				DB04893E27C8997C00904745 /* Debug */,
				DB04893F27C8997C00904745 /* Release */,
			);
			defaultConfigurationIsVisible = 0;
			defaultConfigurationName = Release;
		};
		DB04894027C8997C00904745 /* Build configuration list for PBXNativeTarget "SecurityResearch" */ = {
			isa = XCConfigurationList;
			buildConfigurations = (
				DB04894127C8997C00904745 /* Debug */,
				DB04894227C8997C00904745 /* Release */,
			);
			defaultConfigurationIsVisible = 0;
			defaultConfigurationName = Release;
		};
		DB04894327C8997C00904745 /* Build configuration list for PBXNativeTarget "SecurityResearchTests" */ = {
			isa = XCConfigurationList;
			buildConfigurations = (
				DB04894427C8997C00904745 /* Debug */,
				DB04894527C8997C00904745 /* Release */,
			);
			defaultConfigurationIsVisible = 0;
			defaultConfigurationName = Release;
		};
		DB04894627C8997C00904745 /* Build configuration list for PBXNativeTarget "SecurityResearchUITests" */ = {
			isa = XCConfigurationList;
			buildConfigurations = (
				DB04894727C8997C00904745 /* Debug */,
				DB04894827C8997C00904745 /* Release */,
			);
			defaultConfigurationIsVisible = 0;
			defaultConfigurationName = Release;
		};
/* End XCConfigurationList section */

/* Begin XCRemoteSwiftPackageReference section */
		DBCC986828133EFD00820360 /* XCRemoteSwiftPackageReference "Toast-Swift" */ = {
			isa = XCRemoteSwiftPackageReference;
			repositoryURL = "https://github.com/scalessec/Toast-Swift";
			requirement = {
				kind = upToNextMajorVersion;
				minimumVersion = 5.0.0;
			};
		};
/* End XCRemoteSwiftPackageReference section */

/* Begin XCSwiftPackageProductDependency section */
		DBCC986928133EFD00820360 /* Toast */ = {
			isa = XCSwiftPackageProductDependency;
			package = DBCC986828133EFD00820360 /* XCRemoteSwiftPackageReference "Toast-Swift" */;
			productName = Toast;
		};
/* End XCSwiftPackageProductDependency section */
	};
	rootObject = DB04890F27C8997200904745 /* Project object */;
}
